
Microsoft Visual Studio Solution File, Format Version 12.00
# Visual Studio Version 17
VisualStudioVersion = 17.11.35327.3
MinimumVisualStudioVersion = 10.0.40219.1
Project("{9A19103F-16F7-4668-BE54-9A1E7A4F7556}") = "CFChat", "CFChat.csproj", "{0A5143A7-B459-4115-BEEC-BB080F66F4B4}"
EndProject
Project("{9A19103F-16F7-4668-BE54-9A1E7A4F7556}") = "CFConnectionMessaging.Common", "..\CFConnectionMessaging.Common\CFConnectionMessaging.Common.csproj", "{A086C00E-CFC5-46B1-94C3-8EC091DA87F1}"
EndProject
Global
	GlobalSection(SolutionConfigurationPlatforms) = preSolution
		Debug|Any CPU = Debug|Any CPU
		Release|Any CPU = Release|Any CPU
	EndGlobalSection
	GlobalSection(ProjectConfigurationPlatforms) = postSolution
		{0A5143A7-B459-4115-BEEC-BB080F66F4B4}.Debug|Any CPU.ActiveCfg = Debug|Any CPU
		{0A5143A7-B459-4115-BEEC-BB080F66F4B4}.Debug|Any CPU.Build.0 = Debug|Any CPU
		{0A5143A7-B459-4115-BEEC-BB080F66F4B4}.Release|Any CPU.ActiveCfg = Release|Any CPU
		{0A5143A7-B459-4115-BEEC-BB080F66F4B4}.Release|Any CPU.Build.0 = Release|Any CPU
		{A086C00E-CFC5-46B1-94C3-8EC091DA87F1}.Debug|Any CPU.ActiveCfg = Debug|Any CPU
		{A086C00E-CFC5-46B1-94C3-8EC091DA87F1}.Debug|Any CPU.Build.0 = Debug|Any CPU
		{A086C00E-CFC5-46B1-94C3-8EC091DA87F1}.Release|Any CPU.ActiveCfg = Release|Any CPU
		{A086C00E-CFC5-46B1-94C3-8EC091DA87F1}.Release|Any CPU.Build.0 = Release|Any CPU
	EndGlobalSection
	GlobalSection(SolutionProperties) = preSolution
		HideSolutionNode = FALSE
	EndGlobalSection
	GlobalSection(ExtensibilityGlobals) = postSolution
		SolutionGuid = {24401575-FB9E-4E69-9D30-2BB9146F850D}
	EndGlobalSection
EndGlobal
